// !$*UTF8*$!
{
	archiveVersion = 1;
	classes = {
	};
	objectVersion = 46;
	objects = {

/* Begin PBXBuildFile section */
		D21FBF0F178804C000B5C921 /* DateSimulatorIcon.png in Resources */ = {isa = PBXBuildFile; fileRef = D21FBF0E178804C000B5C921 /* DateSimulatorIcon.png */; };
		D21FBF11178804C300B5C921 /* DataSimulatorIcon@2X.png in Resources */ = {isa = PBXBuildFile; fileRef = D21FBF10178804C300B5C921 /* DataSimulatorIcon@2X.png */; };
		D21FBF131788065500B5C921 /* DataSimulatorIcon-ipad@2X.png in Resources */ = {isa = PBXBuildFile; fileRef = D21FBF121788065500B5C921 /* DataSimulatorIcon-ipad@2X.png */; };
		D21FBF151788065800B5C921 /* DataSimulatorIcon-ipad.png in Resources */ = {isa = PBXBuildFile; fileRef = D21FBF141788065800B5C921 /* DataSimulatorIcon-ipad.png */; };
		D28BD1B41786DF5200512E82 /* ConventionFormula.m in Sources */ = {isa = PBXBuildFile; fileRef = D28BD1B31786DF5200512E82 /* ConventionFormula.m */; };
		D2DED8791786BF1D006A3DDC /* FirstViewController.mm in Sources */ = {isa = PBXBuildFile; fileRef = D2DED8761786BF1D006A3DDC /* FirstViewController.mm */; };
		D2DED87A1786BF1D006A3DDC /* MainStoryboard_iPad.storyboard in Resources */ = {isa = PBXBuildFile; fileRef = D2DED8771786BF1D006A3DDC /* MainStoryboard_iPad.storyboard */; };
		D2DED87B1786BF1D006A3DDC /* MainStoryboard_iPhone.storyboard in Resources */ = {isa = PBXBuildFile; fileRef = D2DED8781786BF1D006A3DDC /* MainStoryboard_iPhone.storyboard */; };
		D2EF96C1178420EF00AA9952 /* UIKit.framework in Frameworks */ = {isa = PBXBuildFile; fileRef = D2EF96C0178420EF00AA9952 /* UIKit.framework */; };
		D2EF96C3178420EF00AA9952 /* Foundation.framework in Frameworks */ = {isa = PBXBuildFile; fileRef = D2EF96C2178420EF00AA9952 /* Foundation.framework */; };
		D2EF96C5178420EF00AA9952 /* CoreGraphics.framework in Frameworks */ = {isa = PBXBuildFile; fileRef = D2EF96C4178420EF00AA9952 /* CoreGraphics.framework */; };
		D2EF96CD178420EF00AA9952 /* main.m in Sources */ = {isa = PBXBuildFile; fileRef = D2EF96CC178420EF00AA9952 /* main.m */; };
		D2EF96D1178420EF00AA9952 /* AppDelegate.m in Sources */ = {isa = PBXBuildFile; fileRef = D2EF96D0178420EF00AA9952 /* AppDelegate.m */; };
		D2EF96D3178420EF00AA9952 /* Default.png in Resources */ = {isa = PBXBuildFile; fileRef = D2EF96D2178420EF00AA9952 /* Default.png */; };
		D2EF96D5178420EF00AA9952 /* Default@2x.png in Resources */ = {isa = PBXBuildFile; fileRef = D2EF96D4178420EF00AA9952 /* Default@2x.png */; };
		D2EF96D7178420EF00AA9952 /* Default-568h@2x.png in Resources */ = {isa = PBXBuildFile; fileRef = D2EF96D6178420EF00AA9952 /* Default-568h@2x.png */; };
		D2EF96E2178420EF00AA9952 /* first.png in Resources */ = {isa = PBXBuildFile; fileRef = D2EF96E1178420EF00AA9952 /* first.png */; };
		D2EF96E4178420EF00AA9952 /* first@2x.png in Resources */ = {isa = PBXBuildFile; fileRef = D2EF96E3178420EF00AA9952 /* first@2x.png */; };
		D2EF96E7178420EF00AA9952 /* SecondViewController.m in Sources */ = {isa = PBXBuildFile; fileRef = D2EF96E6178420EF00AA9952 /* SecondViewController.m */; };
		D2EF96E9178420EF00AA9952 /* second.png in Resources */ = {isa = PBXBuildFile; fileRef = D2EF96E8178420EF00AA9952 /* second.png */; };
		D2EF96EB178420EF00AA9952 /* second@2x.png in Resources */ = {isa = PBXBuildFile; fileRef = D2EF96EA178420EF00AA9952 /* second@2x.png */; };
/* End PBXBuildFile section */

/* Begin PBXFileReference section */
		D21FBF0E178804C000B5C921 /* DateSimulatorIcon.png */ = {isa = PBXFileReference; lastKnownFileType = image.png; name = DateSimulatorIcon.png; path = ../DateSimulatorIcon.png; sourceTree = "<group>"; };
		D21FBF10178804C300B5C921 /* DataSimulatorIcon@2X.png */ = {isa = PBXFileReference; lastKnownFileType = image.png; name = "DataSimulatorIcon@2X.png"; path = "../DataSimulatorIcon@2X.png"; sourceTree = "<group>"; };
		D21FBF121788065500B5C921 /* DataSimulatorIcon-ipad@2X.png */ = {isa = PBXFileReference; lastKnownFileType = image.png; name = "DataSimulatorIcon-ipad@2X.png"; path = "../DataSimulatorIcon-ipad@2X.png"; sourceTree = "<group>"; };
		D21FBF141788065800B5C921 /* DataSimulatorIcon-ipad.png */ = {isa = PBXFileReference; lastKnownFileType = image.png; name = "DataSimulatorIcon-ipad.png"; path = "../DataSimulatorIcon-ipad.png"; sourceTree = "<group>"; };
		D28BD1B21786DF5200512E82 /* ConventionFormula.h */ = {isa = PBXFileReference; fileEncoding = 4; lastKnownFileType = sourcecode.c.h; path = ConventionFormula.h; sourceTree = "<group>"; };
		D28BD1B31786DF5200512E82 /* ConventionFormula.m */ = {isa = PBXFileReference; fileEncoding = 4; lastKnownFileType = sourcecode.c.objc; path = ConventionFormula.m; sourceTree = "<group>"; };
		D2DED8761786BF1D006A3DDC /* FirstViewController.mm */ = {isa = PBXFileReference; fileEncoding = 4; lastKnownFileType = sourcecode.cpp.objcpp; path = FirstViewController.mm; sourceTree = "<group>"; };
		D2DED8771786BF1D006A3DDC /* MainStoryboard_iPad.storyboard */ = {isa = PBXFileReference; fileEncoding = 4; lastKnownFileType = file.storyboard; path = MainStoryboard_iPad.storyboard; sourceTree = "<group>"; };
		D2DED8781786BF1D006A3DDC /* MainStoryboard_iPhone.storyboard */ = {isa = PBXFileReference; fileEncoding = 4; lastKnownFileType = file.storyboard; path = MainStoryboard_iPhone.storyboard; sourceTree = "<group>"; };
		D2EF96BD178420EF00AA9952 /* GameDataSimulator.app */ = {isa = PBXFileReference; explicitFileType = wrapper.application; includeInIndex = 0; path = GameDataSimulator.app; sourceTree = BUILT_PRODUCTS_DIR; };
		D2EF96C0178420EF00AA9952 /* UIKit.framework */ = {isa = PBXFileReference; lastKnownFileType = wrapper.framework; name = UIKit.framework; path = System/Library/Frameworks/UIKit.framework; sourceTree = SDKROOT; };
		D2EF96C2178420EF00AA9952 /* Foundation.framework */ = {isa = PBXFileReference; lastKnownFileType = wrapper.framework; name = Foundation.framework; path = System/Library/Frameworks/Foundation.framework; sourceTree = SDKROOT; };
		D2EF96C4178420EF00AA9952 /* CoreGraphics.framework */ = {isa = PBXFileReference; lastKnownFileType = wrapper.framework; name = CoreGraphics.framework; path = System/Library/Frameworks/CoreGraphics.framework; sourceTree = SDKROOT; };
		D2EF96C8178420EF00AA9952 /* GameDataSimulator-Info.plist */ = {isa = PBXFileReference; lastKnownFileType = text.plist.xml; path = "GameDataSimulator-Info.plist"; sourceTree = "<group>"; };
		D2EF96CC178420EF00AA9952 /* main.m */ = {isa = PBXFileReference; lastKnownFileType = sourcecode.c.objc; path = main.m; sourceTree = "<group>"; };
		D2EF96CE178420EF00AA9952 /* GameDataSimulator-Prefix.pch */ = {isa = PBXFileReference; lastKnownFileType = sourcecode.c.h; path = "GameDataSimulator-Prefix.pch"; sourceTree = "<group>"; };
		D2EF96CF178420EF00AA9952 /* AppDelegate.h */ = {isa = PBXFileReference; lastKnownFileType = sourcecode.c.h; path = AppDelegate.h; sourceTree = "<group>"; };
		D2EF96D0178420EF00AA9952 /* AppDelegate.m */ = {isa = PBXFileReference; lastKnownFileType = sourcecode.c.objc; path = AppDelegate.m; sourceTree = "<group>"; };
		D2EF96D2178420EF00AA9952 /* Default.png */ = {isa = PBXFileReference; lastKnownFileType = image.png; path = Default.png; sourceTree = "<group>"; };
		D2EF96D4178420EF00AA9952 /* Default@2x.png */ = {isa = PBXFileReference; lastKnownFileType = image.png; path = "Default@2x.png"; sourceTree = "<group>"; };
		D2EF96D6178420EF00AA9952 /* Default-568h@2x.png */ = {isa = PBXFileReference; lastKnownFileType = image.png; path = "Default-568h@2x.png"; sourceTree = "<group>"; };
		D2EF96DE178420EF00AA9952 /* FirstViewController.h */ = {isa = PBXFileReference; lastKnownFileType = sourcecode.c.h; path = FirstViewController.h; sourceTree = "<group>"; };
		D2EF96E1178420EF00AA9952 /* first.png */ = {isa = PBXFileReference; lastKnownFileType = image.png; path = first.png; sourceTree = "<group>"; };
		D2EF96E3178420EF00AA9952 /* first@2x.png */ = {isa = PBXFileReference; lastKnownFileType = image.png; path = "first@2x.png"; sourceTree = "<group>"; };
		D2EF96E5178420EF00AA9952 /* SecondViewController.h */ = {isa = PBXFileReference; lastKnownFileType = sourcecode.c.h; path = SecondViewController.h; sourceTree = "<group>"; };
		D2EF96E6178420EF00AA9952 /* SecondViewController.m */ = {isa = PBXFileReference; lastKnownFileType = sourcecode.c.objc; path = SecondViewController.m; sourceTree = "<group>"; };
		D2EF96E8178420EF00AA9952 /* second.png */ = {isa = PBXFileReference; lastKnownFileType = image.png; path = second.png; sourceTree = "<group>"; };
		D2EF96EA178420EF00AA9952 /* second@2x.png */ = {isa = PBXFileReference; lastKnownFileType = image.png; path = "second@2x.png"; sourceTree = "<group>"; };
/* End PBXFileReference section */

/* Begin PBXFrameworksBuildPhase section */
		D2EF96BA178420EF00AA9952 /* Frameworks */ = {
			isa = PBXFrameworksBuildPhase;
			buildActionMask = 2147483647;
			files = (
				D2EF96C1178420EF00AA9952 /* UIKit.framework in Frameworks */,
				D2EF96C3178420EF00AA9952 /* Foundation.framework in Frameworks */,
				D2EF96C5178420EF00AA9952 /* CoreGraphics.framework in Frameworks */,
			);
			runOnlyForDeploymentPostprocessing = 0;
		};
/* End PBXFrameworksBuildPhase section */

/* Begin PBXGroup section */
		D2EF96B4178420EF00AA9952 = {
			isa = PBXGroup;
			children = (
				D2EF96C6178420EF00AA9952 /* GameDataSimulator */,
				D2EF96BF178420EF00AA9952 /* Frameworks */,
				D2EF96BE178420EF00AA9952 /* Products */,
			);
			sourceTree = "<group>";
		};
		D2EF96BE178420EF00AA9952 /* Products */ = {
			isa = PBXGroup;
			children = (
				D2EF96BD178420EF00AA9952 /* GameDataSimulator.app */,
			);
			name = Products;
			sourceTree = "<group>";
		};
		D2EF96BF178420EF00AA9952 /* Frameworks */ = {
			isa = PBXGroup;
			children = (
				D2EF96C0178420EF00AA9952 /* UIKit.framework */,
				D2EF96C2178420EF00AA9952 /* Foundation.framework */,
				D2EF96C4178420EF00AA9952 /* CoreGraphics.framework */,
			);
			name = Frameworks;
			sourceTree = "<group>";
		};
		D2EF96C6178420EF00AA9952 /* GameDataSimulator */ = {
			isa = PBXGroup;
			children = (
				D2DED8771786BF1D006A3DDC /* MainStoryboard_iPad.storyboard */,
				D2EF96CF178420EF00AA9952 /* AppDelegate.h */,
				D2EF96D0178420EF00AA9952 /* AppDelegate.m */,
				D2EF96DE178420EF00AA9952 /* FirstViewController.h */,
				D2DED8761786BF1D006A3DDC /* FirstViewController.mm */,
				D28BD1B21786DF5200512E82 /* ConventionFormula.h */,
				D28BD1B31786DF5200512E82 /* ConventionFormula.m */,
				D2EF96E8178420EF00AA9952 /* second.png */,
				D2EF96EA178420EF00AA9952 /* second@2x.png */,
				D2EF96E1178420EF00AA9952 /* first.png */,
				D2EF96E3178420EF00AA9952 /* first@2x.png */,
				D2EF96C7178420EF00AA9952 /* Supporting Files */,
			);
			path = GameDataSimulator;
			sourceTree = "<group>";
		};
		D2EF96C7178420EF00AA9952 /* Supporting Files */ = {
			isa = PBXGroup;
			children = (
				D2EF96E5178420EF00AA9952 /* SecondViewController.h */,
				D2EF96E6178420EF00AA9952 /* SecondViewController.m */,
				D2DED8781786BF1D006A3DDC /* MainStoryboard_iPhone.storyboard */,
				D21FBF141788065800B5C921 /* DataSimulatorIcon-ipad.png */,
				D21FBF121788065500B5C921 /* DataSimulatorIcon-ipad@2X.png */,
				D21FBF10178804C300B5C921 /* DataSimulatorIcon@2X.png */,
				D21FBF0E178804C000B5C921 /* DateSimulatorIcon.png */,
				D2EF96C8178420EF00AA9952 /* GameDataSimulator-Info.plist */,
				D2EF96CC178420EF00AA9952 /* main.m */,
				D2EF96CE178420EF00AA9952 /* GameDataSimulator-Prefix.pch */,
				D2EF96D2178420EF00AA9952 /* Default.png */,
				D2EF96D4178420EF00AA9952 /* Default@2x.png */,
				D2EF96D6178420EF00AA9952 /* Default-568h@2x.png */,
			);
			name = "Supporting Files";
			sourceTree = "<group>";
		};
/* End PBXGroup section */

/* Begin PBXNativeTarget section */
		D2EF96BC178420EF00AA9952 /* GameDataSimulator */ = {
			isa = PBXNativeTarget;
			buildConfigurationList = D2EF96EE178420EF00AA9952 /* Build configuration list for PBXNativeTarget "GameDataSimulator" */;
			buildPhases = (
				D2EF96B9178420EF00AA9952 /* Sources */,
				D2EF96BA178420EF00AA9952 /* Frameworks */,
				D2EF96BB178420EF00AA9952 /* Resources */,
			);
			buildRules = (
			);
			dependencies = (
			);
			name = GameDataSimulator;
			productName = GameDataSimulator;
			productReference = D2EF96BD178420EF00AA9952 /* GameDataSimulator.app */;
			productType = "com.apple.product-type.application";
		};
/* End PBXNativeTarget section */

/* Begin PBXProject section */
		D2EF96B5178420EF00AA9952 /* Project object */ = {
			isa = PBXProject;
			attributes = {
				LastUpgradeCheck = 0460;
				ORGANIZATIONNAME = Nothing;
			};
			buildConfigurationList = D2EF96B8178420EF00AA9952 /* Build configuration list for PBXProject "GameDataSimulator" */;
			compatibilityVersion = "Xcode 3.2";
			developmentRegion = English;
			hasScannedForEncodings = 0;
			knownRegions = (
				en,
			);
			mainGroup = D2EF96B4178420EF00AA9952;
			productRefGroup = D2EF96BE178420EF00AA9952 /* Products */;
			projectDirPath = "";
			projectRoot = "";
			targets = (
				D2EF96BC178420EF00AA9952 /* GameDataSimulator */,
			);
		};
/* End PBXProject section */

/* Begin PBXResourcesBuildPhase section */
		D2EF96BB178420EF00AA9952 /* Resources */ = {
			isa = PBXResourcesBuildPhase;
			buildActionMask = 2147483647;
			files = (
				D2EF96D3178420EF00AA9952 /* Default.png in Resources */,
				D2EF96D5178420EF00AA9952 /* Default@2x.png in Resources */,
				D2EF96D7178420EF00AA9952 /* Default-568h@2x.png in Resources */,
				D2EF96E2178420EF00AA9952 /* first.png in Resources */,
				D2EF96E4178420EF00AA9952 /* first@2x.png in Resources */,
				D2EF96E9178420EF00AA9952 /* second.png in Resources */,
				D2EF96EB178420EF00AA9952 /* second@2x.png in Resources */,
				D2DED87A1786BF1D006A3DDC /* MainStoryboard_iPad.storyboard in Resources */,
				D2DED87B1786BF1D006A3DDC /* MainStoryboard_iPhone.storyboard in Resources */,
				D21FBF0F178804C000B5C921 /* DateSimulatorIcon.png in Resources */,
				D21FBF11178804C300B5C921 /* DataSimulatorIcon@2X.png in Resources */,
				D21FBF131788065500B5C921 /* DataSimulatorIcon-ipad@2X.png in Resources */,
				D21FBF151788065800B5C921 /* DataSimulatorIcon-ipad.png in Resources */,
			);
			runOnlyForDeploymentPostprocessing = 0;
		};
/* End PBXResourcesBuildPhase section */

/* Begin PBXSourcesBuildPhase section */
		D2EF96B9178420EF00AA9952 /* Sources */ = {
			isa = PBXSourcesBuildPhase;
			buildActionMask = 2147483647;
			files = (
				D2EF96CD178420EF00AA9952 /* main.m in Sources */,
				D2EF96D1178420EF00AA9952 /* AppDelegate.m in Sources */,
				D2EF96E7178420EF00AA9952 /* SecondViewController.m in Sources */,
				D2DED8791786BF1D006A3DDC /* FirstViewController.mm in Sources */,
				D28BD1B41786DF5200512E82 /* ConventionFormula.m in Sources */,
			);
			runOnlyForDeploymentPostprocessing = 0;
		};
/* End PBXSourcesBuildPhase section */

/* Begin XCBuildConfiguration section */
		D2EF96EC178420EF00AA9952 /* Debug */ = {
			isa = XCBuildConfiguration;
			buildSettings = {
				ALWAYS_SEARCH_USER_PATHS = NO;
				CLANG_CXX_LANGUAGE_STANDARD = "gnu++0x";
				CLANG_CXX_LIBRARY = "libc++";
				CLANG_ENABLE_OBJC_ARC = YES;
				CLANG_WARN_CONSTANT_CONVERSION = YES;
				CLANG_WARN_EMPTY_BODY = YES;
				CLANG_WARN_ENUM_CONVERSION = YES;
				CLANG_WARN_INT_CONVERSION = YES;
				CLANG_WARN__DUPLICATE_METHOD_MATCH = YES;
				"CODE_SIGN_IDENTITY[sdk=iphoneos*]" = "iPhone Developer";
				COPY_PHASE_STRIP = NO;
				GCC_C_LANGUAGE_STANDARD = gnu99;
				GCC_DYNAMIC_NO_PIC = NO;
				GCC_OPTIMIZATION_LEVEL = 0;
				GCC_PREPROCESSOR_DEFINITIONS = (
					"DEBUG=1",
					"$(inherited)",
				);
				GCC_SYMBOLS_PRIVATE_EXTERN = NO;
				GCC_WARN_ABOUT_RETURN_TYPE = YES;
				GCC_WARN_UNINITIALIZED_AUTOS = YES;
				GCC_WARN_UNUSED_VARIABLE = YES;
				IPHONEOS_DEPLOYMENT_TARGET = 6.1;
				ONLY_ACTIVE_ARCH = YES;
				SDKROOT = iphoneos;
				TARGETED_DEVICE_FAMILY = "1,2";
			};
			name = Debug;
		};
		D2EF96ED178420EF00AA9952 /* Release */ = {
			isa = XCBuildConfiguration;
			buildSettings = {
				ALWAYS_SEARCH_USER_PATHS = NO;
				CLANG_CXX_LANGUAGE_STANDARD = "gnu++0x";
				CLANG_CXX_LIBRARY = "libc++";
				CLANG_ENABLE_OBJC_ARC = YES;
				CLANG_WARN_CONSTANT_CONVERSION = YES;
				CLANG_WARN_EMPTY_BODY = YES;
				CLANG_WARN_ENUM_CONVERSION = YES;
				CLANG_WARN_INT_CONVERSION = YES;
				CLANG_WARN__DUPLICATE_METHOD_MATCH = YES;
				"CODE_SIGN_IDENTITY[sdk=iphoneos*]" = "iPhone Developer";
				COPY_PHASE_STRIP = YES;
				GCC_C_LANGUAGE_STANDARD = gnu99;
				GCC_WARN_ABOUT_RETURN_TYPE = YES;
				GCC_WARN_UNINITIALIZED_AUTOS = YES;
				GCC_WARN_UNUSED_VARIABLE = YES;
				IPHONEOS_DEPLOYMENT_TARGET = 6.1;
				OTHER_CFLAGS = "-DNS_BLOCK_ASSERTIONS=1";
				SDKROOT = iphoneos;
				TARGETED_DEVICE_FAMILY = "1,2";
				VALIDATE_PRODUCT = YES;
			};
			name = Release;
		};
		D2EF96EF178420EF00AA9952 /* Debug */ = {
			isa = XCBuildConfiguration;
			buildSettings = {
				GCC_PRECOMPILE_PREFIX_HEADER = YES;
				GCC_PREFIX_HEADER = "GameDataSimulator/GameDataSimulator-Prefix.pch";
				INFOPLIST_FILE = "GameDataSimulator/GameDataSimulator-Info.plist";
				IPHONEOS_DEPLOYMENT_TARGET = 6.1;
				PRODUCT_NAME = "$(TARGET_NAME)";
				TARGETED_DEVICE_FAMILY = "1,2";
				WRAPPER_EXTENSION = app;
			};
			name = Debug;
		};
		D2EF96F0178420EF00AA9952 /* Release */ = {
			isa = XCBuildConfiguration;
			buildSettings = {
				GCC_PRECOMPILE_PREFIX_HEADER = YES;
				GCC_PREFIX_HEADER = "GameDataSimulator/GameDataSimulator-Prefix.pch";
				INFOPLIST_FILE = "GameDataSimulator/GameDataSimulator-Info.plist";
				IPHONEOS_DEPLOYMENT_TARGET = 6.1;
				PRODUCT_NAME = "$(TARGET_NAME)";
				TARGETED_DEVICE_FAMILY = "1,2";
				WRAPPER_EXTENSION = app;
			};
			name = Release;
		};
/* End XCBuildConfiguration section */

/* Begin XCConfigurationList section */
		D2EF96B8178420EF00AA9952 /* Build configuration list for PBXProject "GameDataSimulator" */ = {
			isa = XCConfigurationList;
			buildConfigurations = (
				D2EF96EC178420EF00AA9952 /* Debug */,
				D2EF96ED178420EF00AA9952 /* Release */,
			);
			defaultConfigurationIsVisible = 0;
			defaultConfigurationName = Release;
		};
		D2EF96EE178420EF00AA9952 /* Build configuration list for PBXNativeTarget "GameDataSimulator" */ = {
			isa = XCConfigurationList;
			buildConfigurations = (
				D2EF96EF178420EF00AA9952 /* Debug */,
				D2EF96F0178420EF00AA9952 /* Release */,
			);
			defaultConfigurationIsVisible = 0;
			defaultConfigurationName = Release;
		};
/* End XCConfigurationList section */
	};
	rootObject = D2EF96B5178420EF00AA9952 /* Project object */;
}
